
Microsoft Visual Studio Solution File, Format Version 12.00
# Visual Studio Version 16
VisualStudioVersion = 16.0.29709.97
MinimumVisualStudioVersion = 10.0.40219.1
Project("{FAE04EC0-301F-11D3-BF4B-00C04F79EFBC}") = "BugTracker_v2.0", "BugTracker_v2.0\BugTracker_v2.0.csproj", "{F1C9DC75-0A4E-43FC-9964-3BF4979C7E49}"
EndProject
Global
	GlobalSection(SolutionConfigurationPlatforms) = preSolution
		Debug|Any CPU = Debug|Any CPU
		Release|Any CPU = Release|Any CPU
	EndGlobalSection
	GlobalSection(ProjectConfigurationPlatforms) = postSolution
		{F1C9DC75-0A4E-43FC-9964-3BF4979C7E49}.Debug|Any CPU.ActiveCfg = Debug|Any CPU
		{F1C9DC75-0A4E-43FC-9964-3BF4979C7E49}.Debug|Any CPU.Build.0 = Debug|Any CPU
		{F1C9DC75-0A4E-43FC-9964-3BF4979C7E49}.Release|Any CPU.ActiveCfg = Release|Any CPU
		{F1C9DC75-0A4E-43FC-9964-3BF4979C7E49}.Release|Any CPU.Build.0 = Release|Any CPU
	EndGlobalSection
	GlobalSection(SolutionProperties) = preSolution
		HideSolutionNode = FALSE
	EndGlobalSection
	GlobalSection(ExtensibilityGlobals) = postSolution
		SolutionGuid = {F3895CEB-E343-4DC6-9B11-578F274C2BE7}
	EndGlobalSection
EndGlobal
